
Microsoft Visual Studio Solution File, Format Version 12.00
# Visual Studio 15
VisualStudioVersion = 15.0.27703.2000
MinimumVisualStudioVersion = 10.0.40219.1
Project("{E24C65DC-7377-472B-9ABA-BC803B73C61A}") = "TuscanyVillaProject", "TuscanyVillaProject\", "{E4B644A6-B67A-4B93-997A-084E56C61241}"
	ProjectSection(WebsiteProperties) = preProject
		TargetFrameworkMoniker = ".NETFramework,Version%3Dv4.6.1"
		Debug.AspNetCompiler.VirtualPath = "/localhost_59774"
		Debug.AspNetCompiler.PhysicalPath = "TuscanyVillaProject\"
		Debug.AspNetCompiler.TargetPath = "PrecompiledWeb\localhost_59774\"
		Debug.AspNetCompiler.Updateable = "true"
		Debug.AspNetCompiler.ForceOverwrite = "true"
		Debug.AspNetCompiler.FixedNames = "false"
		Debug.AspNetCompiler.Debug = "True"
		Release.AspNetCompiler.VirtualPath = "/localhost_59774"
		Release.AspNetCompiler.PhysicalPath = "TuscanyVillaProject\"
		Release.AspNetCompiler.TargetPath = "PrecompiledWeb\localhost_59774\"
		Release.AspNetCompiler.Updateable = "true"
		Release.AspNetCompiler.ForceOverwrite = "true"
		Release.AspNetCompiler.FixedNames = "false"
		Release.AspNetCompiler.Debug = "False"
		VWDPort = "59774"
		SlnRelativePath = "TuscanyVillaProject\"
		DefaultWebSiteLanguage = "Visual C#"
	EndProjectSection
EndProject
Global
	GlobalSection(SolutionConfigurationPlatforms) = preSolution
		Debug|Any CPU = Debug|Any CPU
	EndGlobalSection
	GlobalSection(ProjectConfigurationPlatforms) = postSolution
		{E4B644A6-B67A-4B93-997A-084E56C61241}.Debug|Any CPU.ActiveCfg = Debug|Any CPU
		{E4B644A6-B67A-4B93-997A-084E56C61241}.Debug|Any CPU.Build.0 = Debug|Any CPU
	EndGlobalSection
	GlobalSection(SolutionProperties) = preSolution
		HideSolutionNode = FALSE
	EndGlobalSection
	GlobalSection(ExtensibilityGlobals) = postSolution
		SolutionGuid = {8C715FFF-00D0-4274-B516-3DE4F88D2CCA}
	EndGlobalSection
EndGlobal
